// !$*UTF8*$!
{
	archiveVersion = 1;
	classes = {
	};
	objectVersion = 46;
	objects = {

/* Begin PBXBuildFile section */
		8A9A8CA81CDF8351002F14FE /* AppDelegate.swift in Sources */ = {isa = PBXBuildFile; fileRef = 8A9A8CA71CDF8351002F14FE /* AppDelegate.swift */; };
		8A9A8CAA1CDF8351002F14FE /* ViewController.swift in Sources */ = {isa = PBXBuildFile; fileRef = 8A9A8CA91CDF8351002F14FE /* ViewController.swift */; };
		8A9A8CAD1CDF8351002F14FE /* Main.storyboard in Resources */ = {isa = PBXBuildFile; fileRef = 8A9A8CAB1CDF8351002F14FE /* Main.storyboard */; };
		8A9A8CAF1CDF8351002F14FE /* Assets.xcassets in Resources */ = {isa = PBXBuildFile; fileRef = 8A9A8CAE1CDF8351002F14FE /* Assets.xcassets */; };
		8A9A8CB21CDF8351002F14FE /* LaunchScreen.storyboard in Resources */ = {isa = PBXBuildFile; fileRef = 8A9A8CB01CDF8351002F14FE /* LaunchScreen.storyboard */; };
/* End PBXBuildFile section */

/* Begin PBXFileReference section */
		8A9A8CA41CDF8351002F14FE /* Closures.app */ = {isa = PBXFileReference; explicitFileType = wrapper.application; includeInIndex = 0; path = Closures.app; sourceTree = BUILT_PRODUCTS_DIR; };
		8A9A8CA71CDF8351002F14FE /* AppDelegate.swift */ = {isa = PBXFileReference; lastKnownFileType = sourcecode.swift; path = AppDelegate.swift; sourceTree = "<group>"; };
		8A9A8CA91CDF8351002F14FE /* ViewController.swift */ = {isa = PBXFileReference; lastKnownFileType = sourcecode.swift; path = ViewController.swift; sourceTree = "<group>"; };
		8A9A8CAC1CDF8351002F14FE /* Base */ = {isa = PBXFileReference; lastKnownFileType = file.storyboard; name = Base; path = Base.lproj/Main.storyboard; sourceTree = "<group>"; };
		8A9A8CAE1CDF8351002F14FE /* Assets.xcassets */ = {isa = PBXFileReference; lastKnownFileType = folder.assetcatalog; path = Assets.xcassets; sourceTree = "<group>"; };
		8A9A8CB11CDF8351002F14FE /* Base */ = {isa = PBXFileReference; lastKnownFileType = file.storyboard; name = Base; path = Base.lproj/LaunchScreen.storyboard; sourceTree = "<group>"; };
		8A9A8CB31CDF8351002F14FE /* Info.plist */ = {isa = PBXFileReference; lastKnownFileType = text.plist.xml; path = Info.plist; sourceTree = "<group>"; };
/* End PBXFileReference section */

/* Begin PBXFrameworksBuildPhase section */
		8A9A8CA11CDF8351002F14FE /* Frameworks */ = {
			isa = PBXFrameworksBuildPhase;
			buildActionMask = 2147483647;
			files = (
			);
			runOnlyForDeploymentPostprocessing = 0;
		};
/* End PBXFrameworksBuildPhase section */

/* Begin PBXGroup section */
		8A9A8C9B1CDF8351002F14FE = {
			isa = PBXGroup;
			children = (
				8A9A8CA61CDF8351002F14FE /* Closures */,
				8A9A8CA51CDF8351002F14FE /* Products */,
			);
			sourceTree = "<group>";
		};
		8A9A8CA51CDF8351002F14FE /* Products */ = {
			isa = PBXGroup;
			children = (
				8A9A8CA41CDF8351002F14FE /* Closures.app */,
			);
			name = Products;
			sourceTree = "<group>";
		};
		8A9A8CA61CDF8351002F14FE /* Closures */ = {
			isa = PBXGroup;
			children = (
				8A9A8CA71CDF8351002F14FE /* AppDelegate.swift */,
				8A9A8CA91CDF8351002F14FE /* ViewController.swift */,
				8A9A8CAB1CDF8351002F14FE /* Main.storyboard */,
				8A9A8CAE1CDF8351002F14FE /* Assets.xcassets */,
				8A9A8CB01CDF8351002F14FE /* LaunchScreen.storyboard */,
				8A9A8CB31CDF8351002F14FE /* Info.plist */,
			);
			path = Closures;
			sourceTree = "<group>";
		};
/* End PBXGroup section */

/* Begin PBXNativeTarget section */
		8A9A8CA31CDF8351002F14FE /* Closures */ = {
			isa = PBXNativeTarget;
			buildConfigurationList = 8A9A8CB61CDF8351002F14FE /* Build configuration list for PBXNativeTarget "Closures" */;
			buildPhases = (
				8A9A8CA01CDF8351002F14FE /* Sources */,
				8A9A8CA11CDF8351002F14FE /* Frameworks */,
				8A9A8CA21CDF8351002F14FE /* Resources */,
			);
			buildRules = (
			);
			dependencies = (
			);
			name = Closures;
			productName = Closures;
			productReference = 8A9A8CA41CDF8351002F14FE /* Closures.app */;
			productType = "com.apple.product-type.application";
		};
/* End PBXNativeTarget section */

/* Begin PBXProject section */
		8A9A8C9C1CDF8351002F14FE /* Project object */ = {
			isa = PBXProject;
			attributes = {
				LastSwiftUpdateCheck = 0730;
				LastUpgradeCheck = 0730;
				ORGANIZATIONNAME = com.giria;
				TargetAttributes = {
					8A9A8CA31CDF8351002F14FE = {
						CreatedOnToolsVersion = 7.3;
					};
				};
			};
			buildConfigurationList = 8A9A8C9F1CDF8351002F14FE /* Build configuration list for PBXProject "Closures" */;
			compatibilityVersion = "Xcode 3.2";
			developmentRegion = English;
			hasScannedForEncodings = 0;
			knownRegions = (
				en,
				Base,
			);
			mainGroup = 8A9A8C9B1CDF8351002F14FE;
			productRefGroup = 8A9A8CA51CDF8351002F14FE /* Products */;
			projectDirPath = "";
			projectRoot = "";
			targets = (
				8A9A8CA31CDF8351002F14FE /* Closures */,
			);
		};
/* End PBXProject section */

/* Begin PBXResourcesBuildPhase section */
		8A9A8CA21CDF8351002F14FE /* Resources */ = {
			isa = PBXResourcesBuildPhase;
			buildActionMask = 2147483647;
			files = (
				8A9A8CB21CDF8351002F14FE /* LaunchScreen.storyboard in Resources */,
				8A9A8CAF1CDF8351002F14FE /* Assets.xcassets in Resources */,
				8A9A8CAD1CDF8351002F14FE /* Main.storyboard in Resources */,
			);
			runOnlyForDeploymentPostprocessing = 0;
		};
/* End PBXResourcesBuildPhase section */

/* Begin PBXSourcesBuildPhase section */
		8A9A8CA01CDF8351002F14FE /* Sources */ = {
			isa = PBXSourcesBuildPhase;
			buildActionMask = 2147483647;
			files = (
				8A9A8CAA1CDF8351002F14FE /* ViewController.swift in Sources */,
				8A9A8CA81CDF8351002F14FE /* AppDelegate.swift in Sources */,
			);
			runOnlyForDeploymentPostprocessing = 0;
		};
/* End PBXSourcesBuildPhase section */

/* Begin PBXVariantGroup section */
		8A9A8CAB1CDF8351002F14FE /* Main.storyboard */ = {
			isa = PBXVariantGroup;
			children = (
				8A9A8CAC1CDF8351002F14FE /* Base */,
			);
			name = Main.storyboard;
			sourceTree = "<group>";
		};
		8A9A8CB01CDF8351002F14FE /* LaunchScreen.storyboard */ = {
			isa = PBXVariantGroup;
			children = (
				8A9A8CB11CDF8351002F14FE /* Base */,
			);
			name = LaunchScreen.storyboard;
			sourceTree = "<group>";
		};
/* End PBXVariantGroup section */

/* Begin XCBuildConfiguration section */
		8A9A8CB41CDF8351002F14FE /* Debug */ = {
			isa = XCBuildConfiguration;
			buildSettings = {
				ALWAYS_SEARCH_USER_PATHS = NO;
				CLANG_ANALYZER_NONNULL = YES;
				CLANG_CXX_LANGUAGE_STANDARD = "gnu++0x";
				CLANG_CXX_LIBRARY = "libc++";
				CLANG_ENABLE_MODULES = YES;
				CLANG_ENABLE_OBJC_ARC = YES;
				CLANG_WARN_BOOL_CONVERSION = YES;
				CLANG_WARN_CONSTANT_CONVERSION = YES;
				CLANG_WARN_DIRECT_OBJC_ISA_USAGE = YES_ERROR;
				CLANG_WARN_EMPTY_BODY = YES;
				CLANG_WARN_ENUM_CONVERSION = YES;
				CLANG_WARN_INT_CONVERSION = YES;
				CLANG_WARN_OBJC_ROOT_CLASS = YES_ERROR;
				CLANG_WARN_UNREACHABLE_CODE = YES;
				CLANG_WARN__DUPLICATE_METHOD_MATCH = YES;
				"CODE_SIGN_IDENTITY[sdk=iphoneos*]" = "iPhone Developer";
				COPY_PHASE_STRIP = NO;
				DEBUG_INFORMATION_FORMAT = dwarf;
				ENABLE_STRICT_OBJC_MSGSEND = YES;
				ENABLE_TESTABILITY = YES;
				GCC_C_LANGUAGE_STANDARD = gnu99;
				GCC_DYNAMIC_NO_PIC = NO;
				GCC_NO_COMMON_BLOCKS = YES;
				GCC_OPTIMIZATION_LEVEL = 0;
				GCC_PREPROCESSOR_DEFINITIONS = (
					"DEBUG=1",
					"$(inherited)",
				);
				GCC_WARN_64_TO_32_BIT_CONVERSION = YES;
				GCC_WARN_ABOUT_RETURN_TYPE = YES_ERROR;
				GCC_WARN_UNDECLARED_SELECTOR = YES;
				GCC_WARN_UNINITIALIZED_AUTOS = YES_AGGRESSIVE;
				GCC_WARN_UNUSED_FUNCTION = YES;
				GCC_WARN_UNUSED_VARIABLE = YES;
				IPHONEOS_DEPLOYMENT_TARGET = 9.3;
				MTL_ENABLE_DEBUG_INFO = YES;
				ONLY_ACTIVE_ARCH = YES;
				SDKROOT = iphoneos;
				SWIFT_OPTIMIZATION_LEVEL = "-Onone";
			};
			name = Debug;
		};
		8A9A8CB51CDF8351002F14FE /* Release */ = {
			isa = XCBuildConfiguration;
			buildSettings = {
				ALWAYS_SEARCH_USER_PATHS = NO;
				CLANG_ANALYZER_NONNULL = YES;
				CLANG_CXX_LANGUAGE_STANDARD = "gnu++0x";
				CLANG_CXX_LIBRARY = "libc++";
				CLANG_ENABLE_MODULES = YES;
				CLANG_ENABLE_OBJC_ARC = YES;
				CLANG_WARN_BOOL_CONVERSION = YES;
				CLANG_WARN_CONSTANT_CONVERSION = YES;
				CLANG_WARN_DIRECT_OBJC_ISA_USAGE = YES_ERROR;
				CLANG_WARN_EMPTY_BODY = YES;
				CLANG_WARN_ENUM_CONVERSION = YES;
				CLANG_WARN_INT_CONVERSION = YES;
				CLANG_WARN_OBJC_ROOT_CLASS = YES_ERROR;
				CLANG_WARN_UNREACHABLE_CODE = YES;
				CLANG_WARN__DUPLICATE_METHOD_MATCH = YES;
				"CODE_SIGN_IDENTITY[sdk=iphoneos*]" = "iPhone Developer";
				COPY_PHASE_STRIP = NO;
				DEBUG_INFORMATION_FORMAT = "dwarf-with-dsym";
				ENABLE_NS_ASSERTIONS = NO;
				ENABLE_STRICT_OBJC_MSGSEND = YES;
				GCC_C_LANGUAGE_STANDARD = gnu99;
				GCC_NO_COMMON_BLOCKS = YES;
				GCC_WARN_64_TO_32_BIT_CONVERSION = YES;
				GCC_WARN_ABOUT_RETURN_TYPE = YES_ERROR;
				GCC_WARN_UNDECLARED_SELECTOR = YES;
				GCC_WARN_UNINITIALIZED_AUTOS = YES_AGGRESSIVE;
				GCC_WARN_UNUSED_FUNCTION = YES;
				GCC_WARN_UNUSED_VARIABLE = YES;
				IPHONEOS_DEPLOYMENT_TARGET = 9.3;
				MTL_ENABLE_DEBUG_INFO = NO;
				SDKROOT = iphoneos;
				VALIDATE_PRODUCT = YES;
			};
			name = Release;
		};
		8A9A8CB71CDF8351002F14FE /* Debug */ = {
			isa = XCBuildConfiguration;
			buildSettings = {
				ASSETCATALOG_COMPILER_APPICON_NAME = AppIcon;
				INFOPLIST_FILE = Closures/Info.plist;
				LD_RUNPATH_SEARCH_PATHS = "$(inherited) @executable_path/Frameworks";
				PRODUCT_BUNDLE_IDENTIFIER = com.giria.Closures;
				PRODUCT_NAME = "$(TARGET_NAME)";
			};
			name = Debug;
		};
		8A9A8CB81CDF8351002F14FE /* Release */ = {
			isa = XCBuildConfiguration;
			buildSettings = {
				ASSETCATALOG_COMPILER_APPICON_NAME = AppIcon;
				INFOPLIST_FILE = Closures/Info.plist;
				LD_RUNPATH_SEARCH_PATHS = "$(inherited) @executable_path/Frameworks";
				PRODUCT_BUNDLE_IDENTIFIER = com.giria.Closures;
				PRODUCT_NAME = "$(TARGET_NAME)";
			};
			name = Release;
		};
/* End XCBuildConfiguration section */

/* Begin XCConfigurationList section */
		8A9A8C9F1CDF8351002F14FE /* Build configuration list for PBXProject "Closures" */ = {
			isa = XCConfigurationList;
			buildConfigurations = (
				8A9A8CB41CDF8351002F14FE /* Debug */,
				8A9A8CB51CDF8351002F14FE /* Release */,
			);
			defaultConfigurationIsVisible = 0;
			defaultConfigurationName = Release;
		};
		8A9A8CB61CDF8351002F14FE /* Build configuration list for PBXNativeTarget "Closures" */ = {
			isa = XCConfigurationList;
			buildConfigurations = (
				8A9A8CB71CDF8351002F14FE /* Debug */,
				8A9A8CB81CDF8351002F14FE /* Release */,
			);
			defaultConfigurationIsVisible = 0;
		};
/* End XCConfigurationList section */
	};
	rootObject = 8A9A8C9C1CDF8351002F14FE /* Project object */;
}
